
Microsoft Visual Studio Solution File, Format Version 12.00
# Visual Studio Version 16
VisualStudioVersion = 16.0.31424.327
MinimumVisualStudioVersion = 10.0.40219.1
Project("{FAE04EC0-301F-11D3-BF4B-00C04F79EFBC}") = "cleanBudget-BusinessLogic", "cleanBudget-BusinessLogic\cleanBudget-BusinessLogic.csproj", "{F75430DC-8A57-493B-9F9E-DF6B7B9954BE}"
EndProject
Global
	GlobalSection(SolutionConfigurationPlatforms) = preSolution
		Debug|Any CPU = Debug|Any CPU
		Release|Any CPU = Release|Any CPU
	EndGlobalSection
	GlobalSection(ProjectConfigurationPlatforms) = postSolution
		{F75430DC-8A57-493B-9F9E-DF6B7B9954BE}.Debug|Any CPU.ActiveCfg = Debug|Any CPU
		{F75430DC-8A57-493B-9F9E-DF6B7B9954BE}.Debug|Any CPU.Build.0 = Debug|Any CPU
		{F75430DC-8A57-493B-9F9E-DF6B7B9954BE}.Release|Any CPU.ActiveCfg = Release|Any CPU
		{F75430DC-8A57-493B-9F9E-DF6B7B9954BE}.Release|Any CPU.Build.0 = Release|Any CPU
	EndGlobalSection
	GlobalSection(SolutionProperties) = preSolution
		HideSolutionNode = FALSE
	EndGlobalSection
	GlobalSection(ExtensibilityGlobals) = postSolution
		SolutionGuid = {EE8748F5-1842-427B-AEF3-96DF98FDC69C}
	EndGlobalSection
EndGlobal
